{
  "name": "msteams-react-base-component",
  "version": "2.0.0-preview3",
  "lockfileVersion": 1,
  "requires": true,
  "dependencies": {
    "@babel/code-frame": {
      "version": "7.8.3",
      "resolved": "https://registry.npmjs.org/@babel/code-frame/-/code-frame-7.8.3.tgz",
      "integrity": "sha512-a9gxpmdXtZEInkCSHUJDLHZVBgb1QS0jhss4cPP93EW7s+uC5bikET2twEF3KV+7rDblJcmNvTR7VJejqd2C2g==",
      "dev": true,
      "requires": {
        "@babel/highlight": "^7.8.3"
      }
    },
    "@babel/highlight": {
      "version": "7.8.3",
      "resolved": "https://registry.npmjs.org/@babel/highlight/-/highlight-7.8.3.tgz",
      "integrity": "sha512-PX4y5xQUvy0fnEVHrYOarRPXVWafSjTW9T0Hab8gVIawpl2Sj0ORyrygANq+KjcNlSSTw0YCLSNA8OyZ1I4yEg==",
      "dev": true,
      "requires": {
        "chalk": "^2.0.0",
        "esutils": "^2.0.2",
        "js-tokens": "^4.0.0"
      }
    },
    "@babel/runtime": {
      "version": "7.8.4",
      "resolved": "https://registry.npmjs.org/@babel/runtime/-/runtime-7.8.4.tgz",
      "integrity": "sha512-neAp3zt80trRVBI1x0azq6c57aNBqYZH8KhMm3TaB7wEI5Q4A2SHfBHE8w9gOhI/lrqxtEbXZgQIrHP+wvSGwQ==",
      "dev": true,
      "requires": {
        "regenerator-runtime": "^0.13.2"
      }
    },
    "@fluentui/accessibility": {
      "version": "0.43.0",
      "resolved": "https://registry.npmjs.org/@fluentui/accessibility/-/accessibility-0.43.0.tgz",
      "integrity": "sha512-MooVaw63k70My3F3tsl3cCBskWQSFqO+OPjoHdOqDWbChVYpltwlxbFuvLeKIRYQ5rShLSpis08oBCCApre9UA==",
      "dev": true,
      "requires": {
        "@babel/runtime": "^7.1.2",
        "keyboard-key": "^1.0.1",
        "lodash": "^4.17.15"
      }
    },
    "@fluentui/react": {
      "version": "0.43.2",
      "resolved": "https://registry.npmjs.org/@fluentui/react/-/react-0.43.2.tgz",
      "integrity": "sha512-BiVMpigfulQksUx2M3ECLODel0IcjlwhyFkIn6UqLm5z28o+OmiBziLoZjr5BrX/kI8RGnv8svXIUfU9s0sqig==",
      "dev": true,
      "requires": {
        "@babel/runtime": "^7.1.2",
        "@fluentui/accessibility": "^0.43.0",
        "@fluentui/react-bindings": "^0.43.2",
        "@fluentui/react-component-event-listener": "^0.43.2",
        "@fluentui/react-component-nesting-registry": "^0.43.0",
        "@fluentui/react-component-ref": "^0.43.2",
        "@fluentui/react-proptypes": "^0.43.0",
        "classnames": "^2.2.6",
        "downshift": "3.2.14",
        "fast-memoize": "^2.5.1",
        "fela": "^10.6.1",
        "fela-plugin-embedded": "^10.6.1",
        "fela-plugin-fallback-value": "^10.6.1",
        "fela-plugin-placeholder-prefixer": "^10.6.1",
        "fela-plugin-prefixer": "^10.6.1",
        "fela-plugin-rtl": "^10.6.1",
        "keyboard-key": "^1.0.1",
        "lodash": "^4.17.15",
        "popper.js": "^1.15.0",
        "prop-types": "^15.7.2",
        "react-fela": "^10.6.1",
        "react-is": "^16.6.3"
      }
    },
    "@fluentui/react-bindings": {
      "version": "0.43.2",
      "resolved": "https://registry.npmjs.org/@fluentui/react-bindings/-/react-bindings-0.43.2.tgz",
      "integrity": "sha512-f8uYQgJNoJMv81M1k07rGKa3rtB8HS+emTeBTRc98s+wzdxC5xUm2UnZwqTt0w6zPe/0v6UCBl2iEIRdTUwzig==",
      "dev": true,
      "requires": {
        "@babel/runtime": "^7.1.2",
        "@fluentui/accessibility": "^0.43.0",
        "@fluentui/state": "^0.43.0"
      }
    },
    "@fluentui/react-component-event-listener": {
      "version": "0.43.2",
      "resolved": "https://registry.npmjs.org/@fluentui/react-component-event-listener/-/react-component-event-listener-0.43.2.tgz",
      "integrity": "sha512-NIIz9PZKZ+NV6ApCfb/AnDDzd5q8MuYXW0sGe6a2oLFABP0THs/ICEvCC0gJePXsH/yW1OJBSerkD09SzPd/Iw==",
      "dev": true,
      "requires": {
        "@babel/runtime": "^7.1.2",
        "prop-types": "^15.7.2"
      }
    },
    "@fluentui/react-component-nesting-registry": {
      "version": "0.43.0",
      "resolved": "https://registry.npmjs.org/@fluentui/react-component-nesting-registry/-/react-component-nesting-registry-0.43.0.tgz",
      "integrity": "sha512-N0jJmVODPhWVVjVA2zhwc1PY/L4yk7CBH4o/jXQl+en0UMnVemqiiUUkbxXNj0ru+TT++mO1NFxAXr1ZmnyuWw==",
      "dev": true,
      "requires": {
        "@babel/runtime": "^7.1.2",
        "prop-types": "^15.7.2"
      }
    },
    "@fluentui/react-component-ref": {
      "version": "0.43.2",
      "resolved": "https://registry.npmjs.org/@fluentui/react-component-ref/-/react-component-ref-0.43.2.tgz",
      "integrity": "sha512-9ivHCwwZIBByvVEvxlmfNjM++/0b7tlNU9u1rq6yEvSPzW5vwOpije2iF7qTX9IaFfi8OQtTncHKiJkzKtV8yQ==",
      "dev": true,
      "requires": {
        "@babel/runtime": "^7.1.2",
        "prop-types": "^15.7.2",
        "react-is": "^16.6.3"
      }
    },
    "@fluentui/react-proptypes": {
      "version": "0.43.0",
      "resolved": "https://registry.npmjs.org/@fluentui/react-proptypes/-/react-proptypes-0.43.0.tgz",
      "integrity": "sha512-OX2Ddi6RjmeYxLsgjCYNP+bGRIxyIYOwAeM1pP6Q24qRwrjeGcJODCM/5NQtxDMHyvfwno7tuNpUgV1W5Mvnbw==",
      "dev": true,
      "requires": {
        "@babel/runtime": "^7.1.2",
        "lodash": "^4.17.15",
        "prop-types": "^15.7.2"
      }
    },
    "@fluentui/state": {
      "version": "0.43.0",
      "resolved": "https://registry.npmjs.org/@fluentui/state/-/state-0.43.0.tgz",
      "integrity": "sha512-4VM8lLi2Kiw+cIjnk5x49JJZ+wej24cGBb2kR3OPQixBjuYLLE0L3pfJkD0kPfwBuD+Wq2c1+/qBH4/4z0kFuQ==",
      "dev": true,
      "requires": {
        "@babel/runtime": "^7.1.2"
      }
    },
    "@microsoft/teams-js": {
      "version": "1.6.0",
      "resolved": "https://registry.npmjs.org/@microsoft/teams-js/-/teams-js-1.6.0.tgz",
      "integrity": "sha512-6OGjEgyC5C5iyJtTT1FKVHv69ROs/NJUI6McuBAtnsYU79W+ixpMnyRE6VMyMUgA0aPmfSsqxS9GFE/TbGTGmQ==",
      "dev": true
    },
    "@types/prop-types": {
      "version": "15.7.3",
      "resolved": "https://registry.npmjs.org/@types/prop-types/-/prop-types-15.7.3.tgz",
      "integrity": "sha512-KfRL3PuHmqQLOG+2tGpRO26Ctg+Cq1E01D2DMriKEATHgWLfeNDmq9e29Q9WIky0dQ3NPkd1mzYH8Lm936Z9qw==",
      "dev": true
    },
    "@types/react": {
      "version": "16.8.10",
      "resolved": "https://registry.npmjs.org/@types/react/-/react-16.8.10.tgz",
      "integrity": "sha512-7bUQeZKP4XZH/aB4i7k1i5yuwymDu/hnLMhD9NjVZvQQH7ZUgRN3d6iu8YXzx4sN/tNr0bj8jgguk8hhObzGvA==",
      "dev": true,
      "requires": {
        "@types/prop-types": "*",
        "csstype": "^2.2.0"
      }
    },
    "@types/react-dom": {
      "version": "16.9.5",
      "resolved": "https://registry.npmjs.org/@types/react-dom/-/react-dom-16.9.5.tgz",
      "integrity": "sha512-BX6RQ8s9D+2/gDhxrj8OW+YD4R+8hj7FEM/OJHGNR0KipE1h1mSsf39YeyC81qafkq+N3rU3h3RFbLSwE5VqUg==",
      "dev": true,
      "requires": {
        "@types/react": "*"
      }
    },
    "ansi-styles": {
      "version": "3.2.1",
      "resolved": "https://registry.npmjs.org/ansi-styles/-/ansi-styles-3.2.1.tgz",
      "integrity": "sha512-VT0ZI6kZRdTh8YyJw3SMbYm/u+NqfsAxEpWO0Pf9sq8/e94WxxOpPKx9FR1FlyCtOVDNOQ+8ntlqFxiRc+r5qA==",
      "dev": true,
      "requires": {
        "color-convert": "^1.9.0"
      }
    },
    "argparse": {
      "version": "1.0.10",
      "resolved": "https://registry.npmjs.org/argparse/-/argparse-1.0.10.tgz",
      "integrity": "sha512-o5Roy6tNG4SL/FOkCAN6RzjiakZS25RLYFrcMttJqbdd8BWrnA+fGz57iN5Pb06pvBGvl5gQ0B48dJlslXvoTg==",
      "dev": true,
      "requires": {
        "sprintf-js": "~1.0.2"
      }
    },
    "asap": {
      "version": "2.0.6",
      "resolved": "https://registry.npmjs.org/asap/-/asap-2.0.6.tgz",
      "integrity": "sha1-5QNHYR1+aQlDIIu9r+vLwvuGbUY=",
      "dev": true
    },
    "balanced-match": {
      "version": "1.0.0",
      "resolved": "https://registry.npmjs.org/balanced-match/-/balanced-match-1.0.0.tgz",
      "integrity": "sha1-ibTRmasr7kneFk6gK4nORi1xt2c=",
      "dev": true
    },
    "brace-expansion": {
      "version": "1.1.11",
      "resolved": "https://registry.npmjs.org/brace-expansion/-/brace-expansion-1.1.11.tgz",
      "integrity": "sha512-iCuPHDFgrHX7H2vEI/5xpz07zSHB00TpugqhmYtVmMO6518mCuRMoOYFldEBl0g187ufozdaHgWKcYFb61qGiA==",
      "dev": true,
      "requires": {
        "balanced-match": "^1.0.0",
        "concat-map": "0.0.1"
      }
    },
    "builtin-modules": {
      "version": "1.1.1",
      "resolved": "https://registry.npmjs.org/builtin-modules/-/builtin-modules-1.1.1.tgz",
      "integrity": "sha1-Jw8HbFpywC9bZaR9+Uxf46J4iS8=",
      "dev": true
    },
    "chalk": {
      "version": "2.4.2",
      "resolved": "https://registry.npmjs.org/chalk/-/chalk-2.4.2.tgz",
      "integrity": "sha512-Mti+f9lpJNcwF4tWV8/OrTTtF1gZi+f8FqlyAdouralcFWFQWF2+NgCHShjkCb+IFBLq9buZwE1xckQU4peSuQ==",
      "dev": true,
      "requires": {
        "ansi-styles": "^3.2.1",
        "escape-string-regexp": "^1.0.5",
        "supports-color": "^5.3.0"
      }
    },
    "classnames": {
      "version": "2.2.6",
      "resolved": "https://registry.npmjs.org/classnames/-/classnames-2.2.6.tgz",
      "integrity": "sha512-JR/iSQOSt+LQIWwrwEzJ9uk0xfN3mTVYMwt1Ir5mUcSN6pU+V4zQFFaJsclJbPuAUQH+yfWef6tm7l1quW3C8Q==",
      "dev": true
    },
    "color-convert": {
      "version": "1.9.3",
      "resolved": "https://registry.npmjs.org/color-convert/-/color-convert-1.9.3.tgz",
      "integrity": "sha512-QfAUtd+vFdAtFQcC8CCyYt1fYWxSqAiK2cSD6zDB8N3cpsEBAvRxp9zOGg6G/SHHJYAT88/az/IuDGALsNVbGg==",
      "dev": true,
      "requires": {
        "color-name": "1.1.3"
      }
    },
    "color-name": {
      "version": "1.1.3",
      "resolved": "https://registry.npmjs.org/color-name/-/color-name-1.1.3.tgz",
      "integrity": "sha1-p9BVi9icQveV3UIyj3QIMcpTvCU=",
      "dev": true
    },
    "commander": {
      "version": "2.20.3",
      "resolved": "https://registry.npmjs.org/commander/-/commander-2.20.3.tgz",
      "integrity": "sha512-GpVkmM8vF2vQUkj2LvZmD35JxeJOLCwJ9cUkugyk2nuhbv3+mJvpLYYt+0+USMxE+oj+ey/lJEnhZw75x/OMcQ==",
      "dev": true
    },
    "compute-scroll-into-view": {
      "version": "1.0.13",
      "resolved": "https://registry.npmjs.org/compute-scroll-into-view/-/compute-scroll-into-view-1.0.13.tgz",
      "integrity": "sha512-o+w9w7A98aAFi/GjK8cxSV+CdASuPa2rR5UWs3+yHkJzWqaKoBEufFNWYaXInCSmUfDCVhesG+v9MTWqOjsxFg==",
      "dev": true
    },
    "concat-map": {
      "version": "0.0.1",
      "resolved": "https://registry.npmjs.org/concat-map/-/concat-map-0.0.1.tgz",
      "integrity": "sha1-2Klr13/Wjfd5OnMDajug1UBdR3s=",
      "dev": true
    },
    "core-js": {
      "version": "1.2.7",
      "resolved": "https://registry.npmjs.org/core-js/-/core-js-1.2.7.tgz",
      "integrity": "sha1-ZSKUwUZR2yj6k70tX/KYOk8IxjY=",
      "dev": true
    },
    "css-in-js-utils": {
      "version": "3.0.4",
      "resolved": "https://registry.npmjs.org/css-in-js-utils/-/css-in-js-utils-3.0.4.tgz",
      "integrity": "sha512-4RKm4RXq+TnX3rVRl85cabEc+VtR0yuU8zT9QpZqa9lLlJzw7Ma6Yyg2N9Gm6l9W+TP0IsWF0wvh3Is4Oifr7g==",
      "dev": true,
      "requires": {
        "hyphenate-style-name": "^1.0.3"
      }
    },
    "csstype": {
      "version": "2.6.8",
      "resolved": "https://registry.npmjs.org/csstype/-/csstype-2.6.8.tgz",
      "integrity": "sha512-msVS9qTuMT5zwAGCVm4mxfrZ18BNc6Csd0oJAtiFMZ1FAx1CCvy2+5MDmYoix63LM/6NDbNtodCiGYGmFgO0dA==",
      "dev": true
    },
    "diff": {
      "version": "4.0.2",
      "resolved": "https://registry.npmjs.org/diff/-/diff-4.0.2.tgz",
      "integrity": "sha512-58lmxKSA4BNyLz+HHMUzlOEpg09FV+ev6ZMe3vJihgdxzgcwZ8VoEEPmALCZG9LmqfVoNMMKpttIYTVG6uDY7A==",
      "dev": true
    },
    "downshift": {
      "version": "3.2.14",
      "resolved": "https://registry.npmjs.org/downshift/-/downshift-3.2.14.tgz",
      "integrity": "sha512-1gdKK6CtvLnHtNN4FRvLzdhjIoga6NnpkDVNf0WIpnpkU1d0c+EkYzZQd9bJnPafGIbgQjNOrGYAv7r3biGVgg==",
      "dev": true,
      "requires": {
        "@babel/runtime": "^7.4.5",
        "compute-scroll-into-view": "^1.0.9",
        "prop-types": "^15.7.2",
        "react-is": "^16.9.0"
      }
    },
    "encoding": {
      "version": "0.1.12",
      "resolved": "https://registry.npmjs.org/encoding/-/encoding-0.1.12.tgz",
      "integrity": "sha1-U4tm8+5izRq1HsMjgp0flIDHS+s=",
      "dev": true,
      "requires": {
        "iconv-lite": "~0.4.13"
      }
    },
    "escape-string-regexp": {
      "version": "1.0.5",
      "resolved": "https://registry.npmjs.org/escape-string-regexp/-/escape-string-regexp-1.0.5.tgz",
      "integrity": "sha1-G2HAViGQqN/2rjuyzwIAyhMLhtQ=",
      "dev": true
    },
    "esprima": {
      "version": "4.0.1",
      "resolved": "https://registry.npmjs.org/esprima/-/esprima-4.0.1.tgz",
      "integrity": "sha512-eGuFFw7Upda+g4p+QHvnW0RyTX/SVeJBDM/gCtMARO0cLuT2HcEKnTPvhjV6aGeqrCB/sbNop0Kszm0jsaWU4A==",
      "dev": true
    },
    "esutils": {
      "version": "2.0.3",
      "resolved": "https://registry.npmjs.org/esutils/-/esutils-2.0.3.tgz",
      "integrity": "sha512-kVscqXk4OCp68SZ0dkgEKVi6/8ij300KBWTJq32P/dYeWTSwK41WyTxalN1eRmA5Z9UU/LX9D7FWSmV9SAYx6g==",
      "dev": true
    },
    "fast-loops": {
      "version": "1.1.2",
      "resolved": "https://registry.npmjs.org/fast-loops/-/fast-loops-1.1.2.tgz",
      "integrity": "sha512-ql8BgnHFryLogmmzR5O3uobe+3Zzaq6h6MWn/VtAyL9OXb51r5PSTbCm9f56fvEvMWWGjbdkr4xyhT0/vLJkKw==",
      "dev": true
    },
    "fast-memoize": {
      "version": "2.5.1",
      "resolved": "https://registry.npmjs.org/fast-memoize/-/fast-memoize-2.5.1.tgz",
      "integrity": "sha512-xdmw296PCL01tMOXx9mdJSmWY29jQgxyuZdq0rEHMu+Tpe1eOEtCycoG6chzlcrWsNgpZP7oL8RiQr7+G6Bl6g==",
      "dev": true
    },
    "fbjs": {
      "version": "0.8.17",
      "resolved": "https://registry.npmjs.org/fbjs/-/fbjs-0.8.17.tgz",
      "integrity": "sha1-xNWY6taUkRJlPWWIsBpc3Nn5D90=",
      "dev": true,
      "requires": {
        "core-js": "^1.0.0",
        "isomorphic-fetch": "^2.1.1",
        "loose-envify": "^1.0.0",
        "object-assign": "^4.1.0",
        "promise": "^7.1.1",
        "setimmediate": "^1.0.5",
        "ua-parser-js": "^0.7.18"
      }
    },
    "fela": {
      "version": "10.8.2",
      "resolved": "https://registry.npmjs.org/fela/-/fela-10.8.2.tgz",
      "integrity": "sha512-rdF2h6U9gBhLged2WpOE43zqDG3f9rV7PNmcCoTuMIoKZqN0tYsc71nJRS7aNQtk+kRB5VsvMpoK0JGbs4s0qA==",
      "dev": true,
      "requires": {
        "css-in-js-utils": "^3.0.0",
        "csstype": "^2.5.5",
        "fast-loops": "^1.0.0",
        "fela-utils": "^10.8.2",
        "isobject": "^3.0.1"
      }
    },
    "fela-bindings": {
      "version": "10.8.2",
      "resolved": "https://registry.npmjs.org/fela-bindings/-/fela-bindings-10.8.2.tgz",
      "integrity": "sha512-NeZaTD8XaR2HmZKdVy0X2eTsTXeN9w/9ys0sd101djI4lD7rjfU6NroUB5YeGtOV/drehs7ufbzI/rStVUYx1g==",
      "dev": true,
      "requires": {
        "fast-loops": "^1.0.0",
        "fela-dom": "^10.8.2",
        "fela-tools": "^10.8.2",
        "react-addons-shallow-compare": "^15.6.2",
        "shallow-equal": "^1.0.0"
      }
    },
    "fela-dom": {
      "version": "10.8.2",
      "resolved": "https://registry.npmjs.org/fela-dom/-/fela-dom-10.8.2.tgz",
      "integrity": "sha512-6zv4X180/GT44g+Bss0t4r6zPGdg1VfQrrR4raHZLiviIBOx3QbHO2m/JAs3Hp22GF9X2jKItwyT2hGVw3c2fw==",
      "dev": true,
      "requires": {
        "css-in-js-utils": "^3.0.0",
        "fast-loops": "^1.0.1",
        "fela-utils": "^10.8.2"
      }
    },
    "fela-plugin-custom-property": {
      "version": "10.8.2",
      "resolved": "https://registry.npmjs.org/fela-plugin-custom-property/-/fela-plugin-custom-property-10.8.2.tgz",
      "integrity": "sha512-SFbuMRQpetEUYwMsG0ngZrdEB7N7ytH+jsXeWt54GKhdz68XcvbAEIoc5vWSPiNVBKH47jV3+dwXjhejd5AdaQ==",
      "dev": true,
      "requires": {
        "css-in-js-utils": "^3.0.0",
        "isobject": "^3.0.1"
      }
    },
    "fela-plugin-embedded": {
      "version": "10.8.2",
      "resolved": "https://registry.npmjs.org/fela-plugin-embedded/-/fela-plugin-embedded-10.8.2.tgz",
      "integrity": "sha512-HeLyDJHQgpBEMbWjsCES1Jtptawtaqnp0Ml3zKebPMrryCQj4j0k4VdyzcS+QzE4M0JD1r0FYhKla+mpuMP5Qw==",
      "dev": true,
      "requires": {
        "fast-loops": "^1.0.0",
        "isobject": "^3.0.1"
      }
    },
    "fela-plugin-fallback-value": {
      "version": "10.8.2",
      "resolved": "https://registry.npmjs.org/fela-plugin-fallback-value/-/fela-plugin-fallback-value-10.8.2.tgz",
      "integrity": "sha512-pjNQ4TJVJz8rDS8kEB7afRDHelQFzi0kIOhLSR0/LWLLFC7CfaQ3Vop9/w5Ot7iJtH8oR1dAxSQEyk497QcyPw==",
      "dev": true,
      "requires": {
        "css-in-js-utils": "^3.0.0",
        "isobject": "^3.0.1"
      }
    },
    "fela-plugin-placeholder-prefixer": {
      "version": "10.8.2",
      "resolved": "https://registry.npmjs.org/fela-plugin-placeholder-prefixer/-/fela-plugin-placeholder-prefixer-10.8.2.tgz",
      "integrity": "sha512-5Uh1ceC03mnfZanlxb4Y4F3MJNoqcReb5lFhme9Yuh74gwFYUAFgsA/vjE2FXfJ8DG4OP69cB/JEGc5cBRtjAg==",
      "dev": true,
      "requires": {
        "fast-loops": "^1.0.0",
        "fela-plugin-custom-property": "^10.8.2"
      }
    },
    "fela-plugin-prefixer": {
      "version": "10.8.2",
      "resolved": "https://registry.npmjs.org/fela-plugin-prefixer/-/fela-plugin-prefixer-10.8.2.tgz",
      "integrity": "sha512-xwrSBzDIyrh39EzRXE8XDuz3gEAKhWH58yzZJVJpSH3Zy6suaRkki8vxFf3QCizBTMZBXVLsklQfNP53WxKk3w==",
      "dev": true,
      "requires": {
        "css-in-js-utils": "^3.0.0",
        "fast-loops": "^1.0.0",
        "fela-plugin-fallback-value": "^10.8.2",
        "inline-style-prefixer": "^5.1.0",
        "isobject": "^3.0.1"
      }
    },
    "fela-plugin-rtl": {
      "version": "10.8.2",
      "resolved": "https://registry.npmjs.org/fela-plugin-rtl/-/fela-plugin-rtl-10.8.2.tgz",
      "integrity": "sha512-Xc3uYTNU0TponAtMwqfJQc/F33gACCCPr7QOMqpJurlYUU9VaYhchgs7YMocqns6kBPRGrYc0mYiQqNCfpKsjw==",
      "dev": true,
      "requires": {
        "rtl-css-js": "^1.1.3"
      }
    },
    "fela-tools": {
      "version": "10.8.2",
      "resolved": "https://registry.npmjs.org/fela-tools/-/fela-tools-10.8.2.tgz",
      "integrity": "sha512-9HVPA7PABxCh8ybiDlhhVKuFlVeFazmhthlf5CybiFcxh6DVKDEacYsFdXSC7NGJW2i4cWACiy7pjUvOyvqhRQ==",
      "dev": true,
      "requires": {
        "css-in-js-utils": "^3.0.0",
        "fast-loops": "^1.0.0",
        "fela": "^10.8.2",
        "fela-utils": "^10.8.2"
      }
    },
    "fela-utils": {
      "version": "10.8.2",
      "resolved": "https://registry.npmjs.org/fela-utils/-/fela-utils-10.8.2.tgz",
      "integrity": "sha512-RmoDOIby14Zb3Xn03noLolyMC2528xcNO5KcNCaznyByd1Acq8DnvQn91Ph9nBLcLqdC1rGme5HwRcrCOHG+kA==",
      "dev": true,
      "requires": {
        "css-in-js-utils": "^3.0.0",
        "fast-loops": "^1.0.0"
      }
    },
    "fs.realpath": {
      "version": "1.0.0",
      "resolved": "https://registry.npmjs.org/fs.realpath/-/fs.realpath-1.0.0.tgz",
      "integrity": "sha1-FQStJSMVjKpA20onh8sBQRmU6k8=",
      "dev": true
    },
    "glob": {
      "version": "7.1.6",
      "resolved": "https://registry.npmjs.org/glob/-/glob-7.1.6.tgz",
      "integrity": "sha512-LwaxwyZ72Lk7vZINtNNrywX0ZuLyStrdDtabefZKAY5ZGJhVtgdznluResxNmPitE0SAO+O26sWTHeKSI2wMBA==",
      "dev": true,
      "requires": {
        "fs.realpath": "^1.0.0",
        "inflight": "^1.0.4",
        "inherits": "2",
        "minimatch": "^3.0.4",
        "once": "^1.3.0",
        "path-is-absolute": "^1.0.0"
      }
    },
    "has-flag": {
      "version": "3.0.0",
      "resolved": "https://registry.npmjs.org/has-flag/-/has-flag-3.0.0.tgz",
      "integrity": "sha1-tdRU3CGZriJWmfNGfloH87lVuv0=",
      "dev": true
    },
    "hyphenate-style-name": {
      "version": "1.0.3",
      "resolved": "https://registry.npmjs.org/hyphenate-style-name/-/hyphenate-style-name-1.0.3.tgz",
      "integrity": "sha512-EcuixamT82oplpoJ2XU4pDtKGWQ7b00CD9f1ug9IaQ3p1bkHMiKCZ9ut9QDI6qsa6cpUuB+A/I+zLtdNK4n2DQ==",
      "dev": true
    },
    "iconv-lite": {
      "version": "0.4.24",
      "resolved": "https://registry.npmjs.org/iconv-lite/-/iconv-lite-0.4.24.tgz",
      "integrity": "sha512-v3MXnZAcvnywkTUEZomIActle7RXXeedOR31wwl7VlyoXO4Qi9arvSenNQWne1TcRwhCL1HwLI21bEqdpj8/rA==",
      "dev": true,
      "requires": {
        "safer-buffer": ">= 2.1.2 < 3"
      }
    },
    "inflight": {
      "version": "1.0.6",
      "resolved": "https://registry.npmjs.org/inflight/-/inflight-1.0.6.tgz",
      "integrity": "sha1-Sb1jMdfQLQwJvJEKEHW6gWW1bfk=",
      "dev": true,
      "requires": {
        "once": "^1.3.0",
        "wrappy": "1"
      }
    },
    "inherits": {
      "version": "2.0.4",
      "resolved": "https://registry.npmjs.org/inherits/-/inherits-2.0.4.tgz",
      "integrity": "sha512-k/vGaX4/Yla3WzyMCvTQOXYeIHvqOKtnqBduzTHpzpQZzAskKMhZ2K+EnBiSM9zGSoIFeMpXKxa4dYeZIQqewQ==",
      "dev": true
    },
    "inline-style-prefixer": {
      "version": "5.1.1",
      "resolved": "https://registry.npmjs.org/inline-style-prefixer/-/inline-style-prefixer-5.1.1.tgz",
      "integrity": "sha512-l2zxmdGF/QZNfR3b1hnPr0pkTZUSYYOCCO9zz/AAtaw/LNi1PpjzwumMIz+WKmVhqnWpDdaoqan7yOZM9u2ELQ==",
      "dev": true,
      "requires": {
        "css-in-js-utils": "^2.0.0"
      },
      "dependencies": {
        "css-in-js-utils": {
          "version": "2.0.1",
          "resolved": "https://registry.npmjs.org/css-in-js-utils/-/css-in-js-utils-2.0.1.tgz",
          "integrity": "sha512-PJF0SpJT+WdbVVt0AOYp9C8GnuruRlL/UFW7932nLWmFLQTaWEzTBQEx7/hn4BuV+WON75iAViSUJLiU3PKbpA==",
          "dev": true,
          "requires": {
            "hyphenate-style-name": "^1.0.2",
            "isobject": "^3.0.1"
          }
        }
      }
    },
    "is-stream": {
      "version": "1.1.0",
      "resolved": "https://registry.npmjs.org/is-stream/-/is-stream-1.1.0.tgz",
      "integrity": "sha1-EtSj3U5o4Lec6428hBc66A2RykQ=",
      "dev": true
    },
    "isobject": {
      "version": "3.0.1",
      "resolved": "https://registry.npmjs.org/isobject/-/isobject-3.0.1.tgz",
      "integrity": "sha1-TkMekrEalzFjaqH5yNHMvP2reN8=",
      "dev": true
    },
    "isomorphic-fetch": {
      "version": "2.2.1",
      "resolved": "https://registry.npmjs.org/isomorphic-fetch/-/isomorphic-fetch-2.2.1.tgz",
      "integrity": "sha1-YRrhrPFPXoH3KVB0coGf6XM1WKk=",
      "dev": true,
      "requires": {
        "node-fetch": "^1.0.1",
        "whatwg-fetch": ">=0.10.0"
      }
    },
    "js-tokens": {
      "version": "4.0.0",
      "resolved": "https://registry.npmjs.org/js-tokens/-/js-tokens-4.0.0.tgz",
      "integrity": "sha512-RdJUflcE3cUzKiMqQgsCu06FPu9UdIJO0beYbPhHN4k6apgJtifcoCtT9bcxOpYBtpD2kCM6Sbzg4CausW/PKQ==",
      "dev": true
    },
    "js-yaml": {
      "version": "3.13.1",
      "resolved": "https://registry.npmjs.org/js-yaml/-/js-yaml-3.13.1.tgz",
      "integrity": "sha512-YfbcO7jXDdyj0DGxYVSlSeQNHbD7XPWvrVWeVUujrQEoZzWJIRrCPoyk6kL6IAjAG2IolMK4T0hNUe0HOUs5Jw==",
      "dev": true,
      "requires": {
        "argparse": "^1.0.7",
        "esprima": "^4.0.0"
      }
    },
    "keyboard-key": {
      "version": "1.1.0",
      "resolved": "https://registry.npmjs.org/keyboard-key/-/keyboard-key-1.1.0.tgz",
      "integrity": "sha512-qkBzPTi3rlAKvX7k0/ub44sqOfXeLc/jcnGGmj5c7BJpU8eDrEVPyhCvNYAaoubbsLm9uGWwQJO1ytQK1a9/dQ==",
      "dev": true
    },
    "lodash": {
      "version": "4.17.15",
      "resolved": "https://registry.npmjs.org/lodash/-/lodash-4.17.15.tgz",
      "integrity": "sha512-8xOcRHvCjnocdS5cpwXQXVzmmh5e5+saE2QGoeQmbKmRS6J3VQppPOIt0MnmE+4xlZoumy0GPG0D0MVIQbNA1A==",
      "dev": true
    },
    "loose-envify": {
      "version": "1.4.0",
      "resolved": "https://registry.npmjs.org/loose-envify/-/loose-envify-1.4.0.tgz",
      "integrity": "sha512-lyuxPGr/Wfhrlem2CL/UcnUc1zcqKAImBDzukY7Y5F/yQiNdko6+fRLevlw1HgMySw7f611UIY408EtxRSoK3Q==",
      "dev": true,
      "requires": {
        "js-tokens": "^3.0.0 || ^4.0.0"
      }
    },
    "minimatch": {
      "version": "3.0.4",
      "resolved": "https://registry.npmjs.org/minimatch/-/minimatch-3.0.4.tgz",
      "integrity": "sha512-yJHVQEhyqPLUTgt9B83PXu6W3rx4MvvHvSUvToogpwoGDOUQ+yDrR0HRot+yOCdCO7u4hX3pWft6kWBBcqh0UA==",
      "dev": true,
      "requires": {
        "brace-expansion": "^1.1.7"
      }
    },
    "minimist": {
      "version": "0.0.8",
      "resolved": "https://registry.npmjs.org/minimist/-/minimist-0.0.8.tgz",
      "integrity": "sha1-hX/Kv8M5fSYluCKCYuhqp6ARsF0=",
      "dev": true
    },
    "mkdirp": {
      "version": "0.5.1",
      "resolved": "https://registry.npmjs.org/mkdirp/-/mkdirp-0.5.1.tgz",
      "integrity": "sha1-MAV0OOrGz3+MR2fzhkjWaX11yQM=",
      "dev": true,
      "requires": {
        "minimist": "0.0.8"
      }
    },
    "node-fetch": {
      "version": "1.7.3",
      "resolved": "https://registry.npmjs.org/node-fetch/-/node-fetch-1.7.3.tgz",
      "integrity": "sha512-NhZ4CsKx7cYm2vSrBAr2PvFOe6sWDf0UYLRqA6svUYg7+/TSfVAu49jYC4BvQ4Sms9SZgdqGBgroqfDhJdTyKQ==",
      "dev": true,
      "requires": {
        "encoding": "^0.1.11",
        "is-stream": "^1.0.1"
      }
    },
    "object-assign": {
      "version": "4.1.1",
      "resolved": "https://registry.npmjs.org/object-assign/-/object-assign-4.1.1.tgz",
      "integrity": "sha1-IQmtx5ZYh8/AXLvUQsrIv7s2CGM=",
      "dev": true
    },
    "once": {
      "version": "1.4.0",
      "resolved": "https://registry.npmjs.org/once/-/once-1.4.0.tgz",
      "integrity": "sha1-WDsap3WWHUsROsF9nFC6753Xa9E=",
      "dev": true,
      "requires": {
        "wrappy": "1"
      }
    },
    "path-is-absolute": {
      "version": "1.0.1",
      "resolved": "https://registry.npmjs.org/path-is-absolute/-/path-is-absolute-1.0.1.tgz",
      "integrity": "sha1-F0uSaHNVNP+8es5r9TpanhtcX18=",
      "dev": true
    },
    "path-parse": {
      "version": "1.0.6",
      "resolved": "https://registry.npmjs.org/path-parse/-/path-parse-1.0.6.tgz",
      "integrity": "sha512-GSmOT2EbHrINBf9SR7CDELwlJ8AENk3Qn7OikK4nFYAu3Ote2+JYNVvkpAEQm3/TLNEJFD/xZJjzyxg3KBWOzw==",
      "dev": true
    },
    "popper.js": {
      "version": "1.16.1",
      "resolved": "https://registry.npmjs.org/popper.js/-/popper.js-1.16.1.tgz",
      "integrity": "sha512-Wb4p1J4zyFTbM+u6WuO4XstYx4Ky9Cewe4DWrel7B0w6VVICvPwdOpotjzcf6eD8TsckVnIMNONQyPIUFOUbCQ==",
      "dev": true
    },
    "promise": {
      "version": "7.3.1",
      "resolved": "https://registry.npmjs.org/promise/-/promise-7.3.1.tgz",
      "integrity": "sha512-nolQXZ/4L+bP/UGlkfaIujX9BKxGwmQ9OT4mOt5yvy8iK1h3wqTEJCijzGANTCCl9nWjY41juyAn2K3Q1hLLTg==",
      "dev": true,
      "requires": {
        "asap": "~2.0.3"
      }
    },
    "prop-types": {
      "version": "15.7.2",
      "resolved": "https://registry.npmjs.org/prop-types/-/prop-types-15.7.2.tgz",
      "integrity": "sha512-8QQikdH7//R2vurIJSutZ1smHYTcLpRWEOlHnzcWHmBYrOGUysKwSsrC89BCiFj3CbrfJ/nXFdJepOVrY1GCHQ==",
      "dev": true,
      "requires": {
        "loose-envify": "^1.4.0",
        "object-assign": "^4.1.1",
        "react-is": "^16.8.1"
      }
    },
    "react": {
      "version": "16.12.0",
      "resolved": "https://registry.npmjs.org/react/-/react-16.12.0.tgz",
      "integrity": "sha512-fglqy3k5E+81pA8s+7K0/T3DBCF0ZDOher1elBFzF7O6arXJgzyu/FW+COxFvAWXJoJN9KIZbT2LXlukwphYTA==",
      "dev": true,
      "requires": {
        "loose-envify": "^1.1.0",
        "object-assign": "^4.1.1",
        "prop-types": "^15.6.2"
      }
    },
    "react-addons-shallow-compare": {
      "version": "15.6.2",
      "resolved": "https://registry.npmjs.org/react-addons-shallow-compare/-/react-addons-shallow-compare-15.6.2.tgz",
      "integrity": "sha1-GYoAuR/DdiPbZKKP0XtZa6NicC8=",
      "dev": true,
      "requires": {
        "fbjs": "^0.8.4",
        "object-assign": "^4.1.0"
      }
    },
    "react-dom": {
      "version": "16.12.0",
      "resolved": "https://registry.npmjs.org/react-dom/-/react-dom-16.12.0.tgz",
      "integrity": "sha512-LMxFfAGrcS3kETtQaCkTKjMiifahaMySFDn71fZUNpPHZQEzmk/GiAeIT8JSOrHB23fnuCOMruL2a8NYlw+8Gw==",
      "dev": true,
      "requires": {
        "loose-envify": "^1.1.0",
        "object-assign": "^4.1.1",
        "prop-types": "^15.6.2",
        "scheduler": "^0.18.0"
      }
    },
    "react-fela": {
      "version": "10.8.2",
      "resolved": "https://registry.npmjs.org/react-fela/-/react-fela-10.8.2.tgz",
      "integrity": "sha512-TDIuOzxwtPcMhxlR4be/s1Er5b7zS8D42QOzaZZGMJskfH1ULFSOpdlBsb32ivqacXatbGZzshHDXGV5vKNkhQ==",
      "dev": true,
      "requires": {
        "fela-bindings": "^10.8.2",
        "fela-dom": "^10.8.2",
        "prop-types": "^15.5.8"
      }
    },
    "react-is": {
      "version": "16.12.0",
      "resolved": "https://registry.npmjs.org/react-is/-/react-is-16.12.0.tgz",
      "integrity": "sha512-rPCkf/mWBtKc97aLL9/txD8DZdemK0vkA3JMLShjlJB3Pj3s+lpf1KaBzMfQrAmhMQB0n1cU/SUGgKKBCe837Q==",
      "dev": true
    },
    "regenerator-runtime": {
      "version": "0.13.3",
      "resolved": "https://registry.npmjs.org/regenerator-runtime/-/regenerator-runtime-0.13.3.tgz",
      "integrity": "sha512-naKIZz2GQ8JWh///G7L3X6LaQUAMp2lvb1rvwwsURe/VXwD6VMfr+/1NuNw3ag8v2kY1aQ/go5SNn79O9JU7yw==",
      "dev": true
    },
    "resolve": {
      "version": "1.15.0",
      "resolved": "https://registry.npmjs.org/resolve/-/resolve-1.15.0.tgz",
      "integrity": "sha512-+hTmAldEGE80U2wJJDC1lebb5jWqvTYAfm3YZ1ckk1gBr0MnCqUKlwK1e+anaFljIl+F5tR5IoZcm4ZDA1zMQw==",
      "dev": true,
      "requires": {
        "path-parse": "^1.0.6"
      }
    },
    "rtl-css-js": {
      "version": "1.14.0",
      "resolved": "https://registry.npmjs.org/rtl-css-js/-/rtl-css-js-1.14.0.tgz",
      "integrity": "sha512-Dl5xDTeN3e7scU1cWX8c9b6/Nqz3u/HgR4gePc1kWXYiQWVQbKCEyK6+Hxve9LbcJ5EieHy1J9nJCN3grTtGwg==",
      "dev": true,
      "requires": {
        "@babel/runtime": "^7.1.2"
      }
    },
    "safer-buffer": {
      "version": "2.1.2",
      "resolved": "https://registry.npmjs.org/safer-buffer/-/safer-buffer-2.1.2.tgz",
      "integrity": "sha512-YZo3K82SD7Riyi0E1EQPojLz7kpepnSQI9IyPbHHg1XXXevb5dJI7tpyN2ADxGcQbHG7vcyRHk0cbwqcQriUtg==",
      "dev": true
    },
    "scheduler": {
      "version": "0.18.0",
      "resolved": "https://registry.npmjs.org/scheduler/-/scheduler-0.18.0.tgz",
      "integrity": "sha512-agTSHR1Nbfi6ulI0kYNK0203joW2Y5W4po4l+v03tOoiJKpTBbxpNhWDvqc/4IcOw+KLmSiQLTasZ4cab2/UWQ==",
      "dev": true,
      "requires": {
        "loose-envify": "^1.1.0",
        "object-assign": "^4.1.1"
      }
    },
    "semver": {
      "version": "5.7.1",
      "resolved": "https://registry.npmjs.org/semver/-/semver-5.7.1.tgz",
      "integrity": "sha512-sauaDf/PZdVgrLTNYHRtpXa1iRiKcaebiKQ1BJdpQlWH2lCvexQdX55snPFyK7QzpudqbCI0qXFfOasHdyNDGQ==",
      "dev": true
    },
    "setimmediate": {
      "version": "1.0.5",
      "resolved": "https://registry.npmjs.org/setimmediate/-/setimmediate-1.0.5.tgz",
      "integrity": "sha1-KQy7Iy4waULX1+qbg3Mqt4VvgoU=",
      "dev": true
    },
    "shallow-equal": {
      "version": "1.2.1",
      "resolved": "https://registry.npmjs.org/shallow-equal/-/shallow-equal-1.2.1.tgz",
      "integrity": "sha512-S4vJDjHHMBaiZuT9NPb616CSmLf618jawtv3sufLl6ivK8WocjAo58cXwbRV1cgqxH0Qbv+iUt6m05eqEa2IRA==",
      "dev": true
    },
    "sprintf-js": {
      "version": "1.0.3",
      "resolved": "https://registry.npmjs.org/sprintf-js/-/sprintf-js-1.0.3.tgz",
      "integrity": "sha1-BOaSb2YolTVPPdAVIDYzuFcpfiw=",
      "dev": true
    },
    "supports-color": {
      "version": "5.5.0",
      "resolved": "https://registry.npmjs.org/supports-color/-/supports-color-5.5.0.tgz",
      "integrity": "sha512-QjVjwdXIt408MIiAqCX4oUKsgU2EqAGzs2Ppkm4aQYbjm+ZEWEcW4SfFNTr4uMNZma0ey4f5lgLrkB0aX0QMow==",
      "dev": true,
      "requires": {
        "has-flag": "^3.0.0"
      }
    },
    "tslib": {
      "version": "1.10.0",
      "resolved": "https://registry.npmjs.org/tslib/-/tslib-1.10.0.tgz",
      "integrity": "sha512-qOebF53frne81cf0S9B41ByenJ3/IuH8yJKngAX35CmiZySA0khhkovshKK+jGCaMnVomla7gVlIcc3EvKPbTQ==",
      "dev": true
    },
    "tslint": {
      "version": "5.20.1",
      "resolved": "https://registry.npmjs.org/tslint/-/tslint-5.20.1.tgz",
      "integrity": "sha512-EcMxhzCFt8k+/UP5r8waCf/lzmeSyVlqxqMEDQE7rWYiQky8KpIBz1JAoYXfROHrPZ1XXd43q8yQnULOLiBRQg==",
      "dev": true,
      "requires": {
        "@babel/code-frame": "^7.0.0",
        "builtin-modules": "^1.1.1",
        "chalk": "^2.3.0",
        "commander": "^2.12.1",
        "diff": "^4.0.1",
        "glob": "^7.1.1",
        "js-yaml": "^3.13.1",
        "minimatch": "^3.0.4",
        "mkdirp": "^0.5.1",
        "resolve": "^1.3.2",
        "semver": "^5.3.0",
        "tslib": "^1.8.0",
        "tsutils": "^2.29.0"
      }
    },
    "tsutils": {
      "version": "2.29.0",
      "resolved": "https://registry.npmjs.org/tsutils/-/tsutils-2.29.0.tgz",
      "integrity": "sha512-g5JVHCIJwzfISaXpXE1qvNalca5Jwob6FjI4AoPlqMusJ6ftFE7IkkFoMhVLRgK+4Kx3gkzb8UZK5t5yTTvEmA==",
      "dev": true,
      "requires": {
        "tslib": "^1.8.1"
      }
    },
    "typescript": {
      "version": "3.7.5",
      "resolved": "https://registry.npmjs.org/typescript/-/typescript-3.7.5.tgz",
      "integrity": "sha512-/P5lkRXkWHNAbcJIiHPfRoKqyd7bsyCma1hZNUGfn20qm64T6ZBlrzprymeu918H+mB/0rIg2gGK/BXkhhYgBw==",
      "dev": true
    },
    "ua-parser-js": {
      "version": "0.7.21",
      "resolved": "https://registry.npmjs.org/ua-parser-js/-/ua-parser-js-0.7.21.tgz",
      "integrity": "sha512-+O8/qh/Qj8CgC6eYBVBykMrNtp5Gebn4dlGD/kKXVkJNDwyrAwSIqwz8CDf+tsAIWVycKcku6gIXJ0qwx/ZXaQ==",
      "dev": true
    },
    "whatwg-fetch": {
      "version": "3.0.0",
      "resolved": "https://registry.npmjs.org/whatwg-fetch/-/whatwg-fetch-3.0.0.tgz",
      "integrity": "sha512-9GSJUgz1D4MfyKU7KRqwOjXCXTqWdFNvEr7eUBYchQiVc744mqK/MzXPNR2WsPkmkOa4ywfg8C2n8h+13Bey1Q==",
      "dev": true
    },
    "wrappy": {
      "version": "1.0.2",
      "resolved": "https://registry.npmjs.org/wrappy/-/wrappy-1.0.2.tgz",
      "integrity": "sha1-tSQ9jz7BqjXxNkYFvA0QNuMKtp8=",
      "dev": true
    }
  }
}
